
Microsoft Visual Studio Solution File, Format Version 12.00
# Visual Studio Version 17
VisualStudioVersion = 17.5.33502.453
MinimumVisualStudioVersion = 10.0.40219.1
Project("{8BC9CEB8-8B4A-11D0-8D11-00A0C91BC942}") = "practice-problem-1", "practice-problem-1\practice-problem-1.vcxproj", "{ED02281E-D949-4F6B-A144-20009A93B6CB}"
EndProject
Project("{8BC9CEB8-8B4A-11D0-8D11-00A0C91BC942}") = "test", "test\test.vcxproj", "{B0A6AE4D-7EEC-464A-A75A-81E2ECC1FE60}"
EndProject
Project("{8BC9CEB8-8B4A-11D0-8D11-00A0C91BC942}") = "practice-problem-2", "practice-problem-2\practice-problem-2.vcxproj", "{66D2C38E-10DC-4411-9D39-9E20BEB0E95A}"
EndProject
Project("{8BC9CEB8-8B4A-11D0-8D11-00A0C91BC942}") = "tetris", "tetris\tetris.vcxproj", "{1DD51DF4-9EAB-4926-AE7A-DD9930394760}"
EndProject
Project("{8BC9CEB8-8B4A-11D0-8D11-00A0C91BC942}") = "practice-problem-3", "practice-problem-3\practice-problem-3.vcxproj", "{BD72CF91-9BC6-41AE-87AF-64B616138917}"
EndProject
Project("{8BC9CEB8-8B4A-11D0-8D11-00A0C91BC942}") = "practice-problem-4", "practice-problem-4\practice-problem-4.vcxproj", "{4D95A1ED-293B-45B8-8E47-E20C39C2C25B}"
EndProject
Project("{8BC9CEB8-8B4A-11D0-8D11-00A0C91BC942}") = "OOP_RezervacijeGosti", "OOP_RezervacijeGosti\OOP_RezervacijeGosti.vcxproj", "{64328F4B-5FFD-47EE-A42C-841331D0D6CE}"
EndProject
Project("{8BC9CEB8-8B4A-11D0-8D11-00A0C91BC942}") = "OOP_ZavrsniRadovi", "OOP_ZavrsniRadovi\OOP_ZavrsniRadovi.vcxproj", "{B1D4BFF2-C608-4B48-8FC8-A6B7419E488B}"
EndProject
Project("{8BC9CEB8-8B4A-11D0-8D11-00A0C91BC942}") = "PRIII_15072020_NPP14_15", "PRIII_15072020_NPP14_15\PRIII_15072020_NPP14_15.vcxproj", "{F44D38F1-62BA-404B-B1D2-6079245AF615}"
EndProject
Project("{8BC9CEB8-8B4A-11D0-8D11-00A0C91BC942}") = "PRIII_28082019_NPP14_15", "PRIII_28082019_NPP14_15\PRIII_28082019_NPP14_15.vcxproj", "{E1EFFDE9-9738-4CAB-80B5-E14535A947F7}"
EndProject
Project("{8BC9CEB8-8B4A-11D0-8D11-00A0C91BC942}") = "PRII_04072019_NPP14_15", "PRII_04072019_NPP14_15\PRII_04072019_NPP14_15.vcxproj", "{1F67A26B-155E-4656-9547-0DBA47E68F21}"
EndProject
Project("{8BC9CEB8-8B4A-11D0-8D11-00A0C91BC942}") = "PR2_2022-07-19_G1", "PR2_2022-07-19_G1\PR2_2022-07-19_G1.vcxproj", "{4CC74086-339B-4DA6-9AE0-D6420DD3CF79}"
EndProject
Project("{8BC9CEB8-8B4A-11D0-8D11-00A0C91BC942}") = "PR2_2021-09-09", "PR2_2021-09-09\PR2_2021-09-09.vcxproj", "{39B418D7-876E-4A4B-944B-EEE704AC961A}"
EndProject
Project("{8BC9CEB8-8B4A-11D0-8D11-00A0C91BC942}") = "PR2_2015-11-26", "PR2_2015-11-26\PR2_2015-11-26.vcxproj", "{BC17E441-5D0E-4257-8F3F-C7EE7397A887}"
EndProject
Project("{8BC9CEB8-8B4A-11D0-8D11-00A0C91BC942}") = "PR2_2022-06-30", "PR2_2022-06-30\PR2_2022-06-30.vcxproj", "{FD416C97-25BB-4F84-AB8F-594B16B0C4F8}"
EndProject
Project("{8BC9CEB8-8B4A-11D0-8D11-00A0C91BC942}") = "PR2_2016-02-20", "PR2_2016-02-20\PR2_2016-02-20.vcxproj", "{DC98F625-C579-47DD-9853-7E276FF21D51}"
EndProject
Project("{8BC9CEB8-8B4A-11D0-8D11-00A0C91BC942}") = "PR2_2022-06-30_G2", "PR2_2022-06-30_G2\PR2_2022-06-30_G2.vcxproj", "{4E961693-7E45-4A96-AF28-B9C52300160D}"
EndProject
Project("{8BC9CEB8-8B4A-11D0-8D11-00A0C91BC942}") = "PR2_2016-06-27", "PR2_2016-06-27\PR2_2016-06-27.vcxproj", "{3E751823-88B3-4730-8F20-43C65ABB1899}"
EndProject
Project("{8BC9CEB8-8B4A-11D0-8D11-00A0C91BC942}") = "PR2_2021-07-16", "PR2_2021-07-16\PR2_2021-07-16.vcxproj", "{1EC81E88-D78D-4911-9BDB-0B985E42E692}"
EndProject
Project("{8BC9CEB8-8B4A-11D0-8D11-00A0C91BC942}") = "PR2_2016-10-10", "PR2_2016-10-10\PR2_2016-10-10.vcxproj", "{FFC394D1-1F70-4A42-9F50-113DC98CC56C}"
EndProject
Project("{8BC9CEB8-8B4A-11D0-8D11-00A0C91BC942}") = "PR2_2021-06-25_G1", "PR2_2021-06-25_G1\PR2_2021-06-25_G1.vcxproj", "{59B05265-BDD9-4384-B4ED-35DF875F7901}"
EndProject
Project("{8BC9CEB8-8B4A-11D0-8D11-00A0C91BC942}") = "PR2_2021-06-25_G2", "PR2_2021-06-25_G2\PR2_2021-06-25_G2.vcxproj", "{D7F9331A-C378-4338-8CD8-7734426E7E45}"
EndProject
Global
	GlobalSection(SolutionConfigurationPlatforms) = preSolution
		Debug|x64 = Debug|x64
		Debug|x86 = Debug|x86
		Release|x64 = Release|x64
		Release|x86 = Release|x86
	EndGlobalSection
	GlobalSection(ProjectConfigurationPlatforms) = postSolution
		{ED02281E-D949-4F6B-A144-20009A93B6CB}.Debug|x64.ActiveCfg = Debug|x64
		{ED02281E-D949-4F6B-A144-20009A93B6CB}.Debug|x64.Build.0 = Debug|x64
		{ED02281E-D949-4F6B-A144-20009A93B6CB}.Debug|x86.ActiveCfg = Debug|Win32
		{ED02281E-D949-4F6B-A144-20009A93B6CB}.Debug|x86.Build.0 = Debug|Win32
		{ED02281E-D949-4F6B-A144-20009A93B6CB}.Release|x64.ActiveCfg = Release|x64
		{ED02281E-D949-4F6B-A144-20009A93B6CB}.Release|x64.Build.0 = Release|x64
		{ED02281E-D949-4F6B-A144-20009A93B6CB}.Release|x86.ActiveCfg = Release|Win32
		{ED02281E-D949-4F6B-A144-20009A93B6CB}.Release|x86.Build.0 = Release|Win32
		{B0A6AE4D-7EEC-464A-A75A-81E2ECC1FE60}.Debug|x64.ActiveCfg = Debug|x64
		{B0A6AE4D-7EEC-464A-A75A-81E2ECC1FE60}.Debug|x64.Build.0 = Debug|x64
		{B0A6AE4D-7EEC-464A-A75A-81E2ECC1FE60}.Debug|x86.ActiveCfg = Debug|Win32
		{B0A6AE4D-7EEC-464A-A75A-81E2ECC1FE60}.Debug|x86.Build.0 = Debug|Win32
		{B0A6AE4D-7EEC-464A-A75A-81E2ECC1FE60}.Release|x64.ActiveCfg = Release|x64
		{B0A6AE4D-7EEC-464A-A75A-81E2ECC1FE60}.Release|x64.Build.0 = Release|x64
		{B0A6AE4D-7EEC-464A-A75A-81E2ECC1FE60}.Release|x86.ActiveCfg = Release|Win32
		{B0A6AE4D-7EEC-464A-A75A-81E2ECC1FE60}.Release|x86.Build.0 = Release|Win32
		{66D2C38E-10DC-4411-9D39-9E20BEB0E95A}.Debug|x64.ActiveCfg = Debug|x64
		{66D2C38E-10DC-4411-9D39-9E20BEB0E95A}.Debug|x64.Build.0 = Debug|x64
		{66D2C38E-10DC-4411-9D39-9E20BEB0E95A}.Debug|x86.ActiveCfg = Debug|Win32
		{66D2C38E-10DC-4411-9D39-9E20BEB0E95A}.Debug|x86.Build.0 = Debug|Win32
		{66D2C38E-10DC-4411-9D39-9E20BEB0E95A}.Release|x64.ActiveCfg = Release|x64
		{66D2C38E-10DC-4411-9D39-9E20BEB0E95A}.Release|x64.Build.0 = Release|x64
		{66D2C38E-10DC-4411-9D39-9E20BEB0E95A}.Release|x86.ActiveCfg = Release|Win32
		{66D2C38E-10DC-4411-9D39-9E20BEB0E95A}.Release|x86.Build.0 = Release|Win32
		{1DD51DF4-9EAB-4926-AE7A-DD9930394760}.Debug|x64.ActiveCfg = Debug|x64
		{1DD51DF4-9EAB-4926-AE7A-DD9930394760}.Debug|x64.Build.0 = Debug|x64
		{1DD51DF4-9EAB-4926-AE7A-DD9930394760}.Debug|x86.ActiveCfg = Debug|Win32
		{1DD51DF4-9EAB-4926-AE7A-DD9930394760}.Debug|x86.Build.0 = Debug|Win32
		{1DD51DF4-9EAB-4926-AE7A-DD9930394760}.Release|x64.ActiveCfg = Release|x64
		{1DD51DF4-9EAB-4926-AE7A-DD9930394760}.Release|x64.Build.0 = Release|x64
		{1DD51DF4-9EAB-4926-AE7A-DD9930394760}.Release|x86.ActiveCfg = Release|Win32
		{1DD51DF4-9EAB-4926-AE7A-DD9930394760}.Release|x86.Build.0 = Release|Win32
		{BD72CF91-9BC6-41AE-87AF-64B616138917}.Debug|x64.ActiveCfg = Debug|x64
		{BD72CF91-9BC6-41AE-87AF-64B616138917}.Debug|x64.Build.0 = Debug|x64
		{BD72CF91-9BC6-41AE-87AF-64B616138917}.Debug|x86.ActiveCfg = Debug|Win32
		{BD72CF91-9BC6-41AE-87AF-64B616138917}.Debug|x86.Build.0 = Debug|Win32
		{BD72CF91-9BC6-41AE-87AF-64B616138917}.Release|x64.ActiveCfg = Release|x64
		{BD72CF91-9BC6-41AE-87AF-64B616138917}.Release|x64.Build.0 = Release|x64
		{BD72CF91-9BC6-41AE-87AF-64B616138917}.Release|x86.ActiveCfg = Release|Win32
		{BD72CF91-9BC6-41AE-87AF-64B616138917}.Release|x86.Build.0 = Release|Win32
		{4D95A1ED-293B-45B8-8E47-E20C39C2C25B}.Debug|x64.ActiveCfg = Debug|x64
		{4D95A1ED-293B-45B8-8E47-E20C39C2C25B}.Debug|x64.Build.0 = Debug|x64
		{4D95A1ED-293B-45B8-8E47-E20C39C2C25B}.Debug|x86.ActiveCfg = Debug|Win32
		{4D95A1ED-293B-45B8-8E47-E20C39C2C25B}.Debug|x86.Build.0 = Debug|Win32
		{4D95A1ED-293B-45B8-8E47-E20C39C2C25B}.Release|x64.ActiveCfg = Release|x64
		{4D95A1ED-293B-45B8-8E47-E20C39C2C25B}.Release|x64.Build.0 = Release|x64
		{4D95A1ED-293B-45B8-8E47-E20C39C2C25B}.Release|x86.ActiveCfg = Release|Win32
		{4D95A1ED-293B-45B8-8E47-E20C39C2C25B}.Release|x86.Build.0 = Release|Win32
		{64328F4B-5FFD-47EE-A42C-841331D0D6CE}.Debug|x64.ActiveCfg = Debug|x64
		{64328F4B-5FFD-47EE-A42C-841331D0D6CE}.Debug|x64.Build.0 = Debug|x64
		{64328F4B-5FFD-47EE-A42C-841331D0D6CE}.Debug|x86.ActiveCfg = Debug|Win32
		{64328F4B-5FFD-47EE-A42C-841331D0D6CE}.Debug|x86.Build.0 = Debug|Win32
		{64328F4B-5FFD-47EE-A42C-841331D0D6CE}.Release|x64.ActiveCfg = Release|x64
		{64328F4B-5FFD-47EE-A42C-841331D0D6CE}.Release|x64.Build.0 = Release|x64
		{64328F4B-5FFD-47EE-A42C-841331D0D6CE}.Release|x86.ActiveCfg = Release|Win32
		{64328F4B-5FFD-47EE-A42C-841331D0D6CE}.Release|x86.Build.0 = Release|Win32
		{B1D4BFF2-C608-4B48-8FC8-A6B7419E488B}.Debug|x64.ActiveCfg = Debug|x64
		{B1D4BFF2-C608-4B48-8FC8-A6B7419E488B}.Debug|x64.Build.0 = Debug|x64
		{B1D4BFF2-C608-4B48-8FC8-A6B7419E488B}.Debug|x86.ActiveCfg = Debug|Win32
		{B1D4BFF2-C608-4B48-8FC8-A6B7419E488B}.Debug|x86.Build.0 = Debug|Win32
		{B1D4BFF2-C608-4B48-8FC8-A6B7419E488B}.Release|x64.ActiveCfg = Release|x64
		{B1D4BFF2-C608-4B48-8FC8-A6B7419E488B}.Release|x64.Build.0 = Release|x64
		{B1D4BFF2-C608-4B48-8FC8-A6B7419E488B}.Release|x86.ActiveCfg = Release|Win32
		{B1D4BFF2-C608-4B48-8FC8-A6B7419E488B}.Release|x86.Build.0 = Release|Win32
		{F44D38F1-62BA-404B-B1D2-6079245AF615}.Debug|x64.ActiveCfg = Debug|x64
		{F44D38F1-62BA-404B-B1D2-6079245AF615}.Debug|x64.Build.0 = Debug|x64
		{F44D38F1-62BA-404B-B1D2-6079245AF615}.Debug|x86.ActiveCfg = Debug|Win32
		{F44D38F1-62BA-404B-B1D2-6079245AF615}.Debug|x86.Build.0 = Debug|Win32
		{F44D38F1-62BA-404B-B1D2-6079245AF615}.Release|x64.ActiveCfg = Release|x64
		{F44D38F1-62BA-404B-B1D2-6079245AF615}.Release|x64.Build.0 = Release|x64
		{F44D38F1-62BA-404B-B1D2-6079245AF615}.Release|x86.ActiveCfg = Release|Win32
		{F44D38F1-62BA-404B-B1D2-6079245AF615}.Release|x86.Build.0 = Release|Win32
		{E1EFFDE9-9738-4CAB-80B5-E14535A947F7}.Debug|x64.ActiveCfg = Debug|x64
		{E1EFFDE9-9738-4CAB-80B5-E14535A947F7}.Debug|x64.Build.0 = Debug|x64
		{E1EFFDE9-9738-4CAB-80B5-E14535A947F7}.Debug|x86.ActiveCfg = Debug|Win32
		{E1EFFDE9-9738-4CAB-80B5-E14535A947F7}.Debug|x86.Build.0 = Debug|Win32
		{E1EFFDE9-9738-4CAB-80B5-E14535A947F7}.Release|x64.ActiveCfg = Release|x64
		{E1EFFDE9-9738-4CAB-80B5-E14535A947F7}.Release|x64.Build.0 = Release|x64
		{E1EFFDE9-9738-4CAB-80B5-E14535A947F7}.Release|x86.ActiveCfg = Release|Win32
		{E1EFFDE9-9738-4CAB-80B5-E14535A947F7}.Release|x86.Build.0 = Release|Win32
		{1F67A26B-155E-4656-9547-0DBA47E68F21}.Debug|x64.ActiveCfg = Debug|x64
		{1F67A26B-155E-4656-9547-0DBA47E68F21}.Debug|x64.Build.0 = Debug|x64
		{1F67A26B-155E-4656-9547-0DBA47E68F21}.Debug|x86.ActiveCfg = Debug|Win32
		{1F67A26B-155E-4656-9547-0DBA47E68F21}.Debug|x86.Build.0 = Debug|Win32
		{1F67A26B-155E-4656-9547-0DBA47E68F21}.Release|x64.ActiveCfg = Release|x64
		{1F67A26B-155E-4656-9547-0DBA47E68F21}.Release|x64.Build.0 = Release|x64
		{1F67A26B-155E-4656-9547-0DBA47E68F21}.Release|x86.ActiveCfg = Release|Win32
		{1F67A26B-155E-4656-9547-0DBA47E68F21}.Release|x86.Build.0 = Release|Win32
		{4CC74086-339B-4DA6-9AE0-D6420DD3CF79}.Debug|x64.ActiveCfg = Debug|x64
		{4CC74086-339B-4DA6-9AE0-D6420DD3CF79}.Debug|x64.Build.0 = Debug|x64
		{4CC74086-339B-4DA6-9AE0-D6420DD3CF79}.Debug|x86.ActiveCfg = Debug|Win32
		{4CC74086-339B-4DA6-9AE0-D6420DD3CF79}.Debug|x86.Build.0 = Debug|Win32
		{4CC74086-339B-4DA6-9AE0-D6420DD3CF79}.Release|x64.ActiveCfg = Release|x64
		{4CC74086-339B-4DA6-9AE0-D6420DD3CF79}.Release|x64.Build.0 = Release|x64
		{4CC74086-339B-4DA6-9AE0-D6420DD3CF79}.Release|x86.ActiveCfg = Release|Win32
		{4CC74086-339B-4DA6-9AE0-D6420DD3CF79}.Release|x86.Build.0 = Release|Win32
		{39B418D7-876E-4A4B-944B-EEE704AC961A}.Debug|x64.ActiveCfg = Debug|x64
		{39B418D7-876E-4A4B-944B-EEE704AC961A}.Debug|x64.Build.0 = Debug|x64
		{39B418D7-876E-4A4B-944B-EEE704AC961A}.Debug|x86.ActiveCfg = Debug|Win32
		{39B418D7-876E-4A4B-944B-EEE704AC961A}.Debug|x86.Build.0 = Debug|Win32
		{39B418D7-876E-4A4B-944B-EEE704AC961A}.Release|x64.ActiveCfg = Release|x64
		{39B418D7-876E-4A4B-944B-EEE704AC961A}.Release|x64.Build.0 = Release|x64
		{39B418D7-876E-4A4B-944B-EEE704AC961A}.Release|x86.ActiveCfg = Release|Win32
		{39B418D7-876E-4A4B-944B-EEE704AC961A}.Release|x86.Build.0 = Release|Win32
		{BC17E441-5D0E-4257-8F3F-C7EE7397A887}.Debug|x64.ActiveCfg = Debug|x64
		{BC17E441-5D0E-4257-8F3F-C7EE7397A887}.Debug|x64.Build.0 = Debug|x64
		{BC17E441-5D0E-4257-8F3F-C7EE7397A887}.Debug|x86.ActiveCfg = Debug|Win32
		{BC17E441-5D0E-4257-8F3F-C7EE7397A887}.Debug|x86.Build.0 = Debug|Win32
		{BC17E441-5D0E-4257-8F3F-C7EE7397A887}.Release|x64.ActiveCfg = Release|x64
		{BC17E441-5D0E-4257-8F3F-C7EE7397A887}.Release|x64.Build.0 = Release|x64
		{BC17E441-5D0E-4257-8F3F-C7EE7397A887}.Release|x86.ActiveCfg = Release|Win32
		{BC17E441-5D0E-4257-8F3F-C7EE7397A887}.Release|x86.Build.0 = Release|Win32
		{FD416C97-25BB-4F84-AB8F-594B16B0C4F8}.Debug|x64.ActiveCfg = Debug|x64
		{FD416C97-25BB-4F84-AB8F-594B16B0C4F8}.Debug|x64.Build.0 = Debug|x64
		{FD416C97-25BB-4F84-AB8F-594B16B0C4F8}.Debug|x86.ActiveCfg = Debug|Win32
		{FD416C97-25BB-4F84-AB8F-594B16B0C4F8}.Debug|x86.Build.0 = Debug|Win32
		{FD416C97-25BB-4F84-AB8F-594B16B0C4F8}.Release|x64.ActiveCfg = Release|x64
		{FD416C97-25BB-4F84-AB8F-594B16B0C4F8}.Release|x64.Build.0 = Release|x64
		{FD416C97-25BB-4F84-AB8F-594B16B0C4F8}.Release|x86.ActiveCfg = Release|Win32
		{FD416C97-25BB-4F84-AB8F-594B16B0C4F8}.Release|x86.Build.0 = Release|Win32
		{DC98F625-C579-47DD-9853-7E276FF21D51}.Debug|x64.ActiveCfg = Debug|x64
		{DC98F625-C579-47DD-9853-7E276FF21D51}.Debug|x64.Build.0 = Debug|x64
		{DC98F625-C579-47DD-9853-7E276FF21D51}.Debug|x86.ActiveCfg = Debug|Win32
		{DC98F625-C579-47DD-9853-7E276FF21D51}.Debug|x86.Build.0 = Debug|Win32
		{DC98F625-C579-47DD-9853-7E276FF21D51}.Release|x64.ActiveCfg = Release|x64
		{DC98F625-C579-47DD-9853-7E276FF21D51}.Release|x64.Build.0 = Release|x64
		{DC98F625-C579-47DD-9853-7E276FF21D51}.Release|x86.ActiveCfg = Release|Win32
		{DC98F625-C579-47DD-9853-7E276FF21D51}.Release|x86.Build.0 = Release|Win32
		{4E961693-7E45-4A96-AF28-B9C52300160D}.Debug|x64.ActiveCfg = Debug|x64
		{4E961693-7E45-4A96-AF28-B9C52300160D}.Debug|x64.Build.0 = Debug|x64
		{4E961693-7E45-4A96-AF28-B9C52300160D}.Debug|x86.ActiveCfg = Debug|Win32
		{4E961693-7E45-4A96-AF28-B9C52300160D}.Debug|x86.Build.0 = Debug|Win32
		{4E961693-7E45-4A96-AF28-B9C52300160D}.Release|x64.ActiveCfg = Release|x64
		{4E961693-7E45-4A96-AF28-B9C52300160D}.Release|x64.Build.0 = Release|x64
		{4E961693-7E45-4A96-AF28-B9C52300160D}.Release|x86.ActiveCfg = Release|Win32
		{4E961693-7E45-4A96-AF28-B9C52300160D}.Release|x86.Build.0 = Release|Win32
		{3E751823-88B3-4730-8F20-43C65ABB1899}.Debug|x64.ActiveCfg = Debug|x64
		{3E751823-88B3-4730-8F20-43C65ABB1899}.Debug|x64.Build.0 = Debug|x64
		{3E751823-88B3-4730-8F20-43C65ABB1899}.Debug|x86.ActiveCfg = Debug|Win32
		{3E751823-88B3-4730-8F20-43C65ABB1899}.Debug|x86.Build.0 = Debug|Win32
		{3E751823-88B3-4730-8F20-43C65ABB1899}.Release|x64.ActiveCfg = Release|x64
		{3E751823-88B3-4730-8F20-43C65ABB1899}.Release|x64.Build.0 = Release|x64
		{3E751823-88B3-4730-8F20-43C65ABB1899}.Release|x86.ActiveCfg = Release|Win32
		{3E751823-88B3-4730-8F20-43C65ABB1899}.Release|x86.Build.0 = Release|Win32
		{1EC81E88-D78D-4911-9BDB-0B985E42E692}.Debug|x64.ActiveCfg = Debug|x64
		{1EC81E88-D78D-4911-9BDB-0B985E42E692}.Debug|x64.Build.0 = Debug|x64
		{1EC81E88-D78D-4911-9BDB-0B985E42E692}.Debug|x86.ActiveCfg = Debug|Win32
		{1EC81E88-D78D-4911-9BDB-0B985E42E692}.Debug|x86.Build.0 = Debug|Win32
		{1EC81E88-D78D-4911-9BDB-0B985E42E692}.Release|x64.ActiveCfg = Release|x64
		{1EC81E88-D78D-4911-9BDB-0B985E42E692}.Release|x64.Build.0 = Release|x64
		{1EC81E88-D78D-4911-9BDB-0B985E42E692}.Release|x86.ActiveCfg = Release|Win32
		{1EC81E88-D78D-4911-9BDB-0B985E42E692}.Release|x86.Build.0 = Release|Win32
		{FFC394D1-1F70-4A42-9F50-113DC98CC56C}.Debug|x64.ActiveCfg = Debug|x64
		{FFC394D1-1F70-4A42-9F50-113DC98CC56C}.Debug|x64.Build.0 = Debug|x64
		{FFC394D1-1F70-4A42-9F50-113DC98CC56C}.Debug|x86.ActiveCfg = Debug|Win32
		{FFC394D1-1F70-4A42-9F50-113DC98CC56C}.Debug|x86.Build.0 = Debug|Win32
		{FFC394D1-1F70-4A42-9F50-113DC98CC56C}.Release|x64.ActiveCfg = Release|x64
		{FFC394D1-1F70-4A42-9F50-113DC98CC56C}.Release|x64.Build.0 = Release|x64
		{FFC394D1-1F70-4A42-9F50-113DC98CC56C}.Release|x86.ActiveCfg = Release|Win32
		{FFC394D1-1F70-4A42-9F50-113DC98CC56C}.Release|x86.Build.0 = Release|Win32
		{59B05265-BDD9-4384-B4ED-35DF875F7901}.Debug|x64.ActiveCfg = Debug|x64
		{59B05265-BDD9-4384-B4ED-35DF875F7901}.Debug|x64.Build.0 = Debug|x64
		{59B05265-BDD9-4384-B4ED-35DF875F7901}.Debug|x86.ActiveCfg = Debug|Win32
		{59B05265-BDD9-4384-B4ED-35DF875F7901}.Debug|x86.Build.0 = Debug|Win32
		{59B05265-BDD9-4384-B4ED-35DF875F7901}.Release|x64.ActiveCfg = Release|x64
		{59B05265-BDD9-4384-B4ED-35DF875F7901}.Release|x64.Build.0 = Release|x64
		{59B05265-BDD9-4384-B4ED-35DF875F7901}.Release|x86.ActiveCfg = Release|Win32
		{59B05265-BDD9-4384-B4ED-35DF875F7901}.Release|x86.Build.0 = Release|Win32
		{D7F9331A-C378-4338-8CD8-7734426E7E45}.Debug|x64.ActiveCfg = Debug|x64
		{D7F9331A-C378-4338-8CD8-7734426E7E45}.Debug|x64.Build.0 = Debug|x64
		{D7F9331A-C378-4338-8CD8-7734426E7E45}.Debug|x86.ActiveCfg = Debug|Win32
		{D7F9331A-C378-4338-8CD8-7734426E7E45}.Debug|x86.Build.0 = Debug|Win32
		{D7F9331A-C378-4338-8CD8-7734426E7E45}.Release|x64.ActiveCfg = Release|x64
		{D7F9331A-C378-4338-8CD8-7734426E7E45}.Release|x64.Build.0 = Release|x64
		{D7F9331A-C378-4338-8CD8-7734426E7E45}.Release|x86.ActiveCfg = Release|Win32
		{D7F9331A-C378-4338-8CD8-7734426E7E45}.Release|x86.Build.0 = Release|Win32
	EndGlobalSection
	GlobalSection(SolutionProperties) = preSolution
		HideSolutionNode = FALSE
	EndGlobalSection
	GlobalSection(ExtensibilityGlobals) = postSolution
		SolutionGuid = {ECE7089E-B2D2-4868-A17C-12CD1EAB8A2A}
	EndGlobalSection
EndGlobal
